
Microsoft Visual Studio Solution File, Format Version 12.00
# Visual Studio Version 17
VisualStudioVersion = 17.9.34723.18
MinimumVisualStudioVersion = 10.0.40219.1
Project("{FAE04EC0-301F-11D3-BF4B-00C04F79EFBC}") = "EcommercePlatform", "EcommercePlatform.csproj", "{A2CF242F-BD6A-409C-9991-2891EDB0A567}"
EndProject
Global
	GlobalSection(SolutionConfigurationPlatforms) = preSolution
		Debug|Any CPU = Debug|Any CPU
		Release|Any CPU = Release|Any CPU
	EndGlobalSection
	GlobalSection(ProjectConfigurationPlatforms) = postSolution
		{A2CF242F-BD6A-409C-9991-2891EDB0A567}.Debug|Any CPU.ActiveCfg = Debug|Any CPU
		{A2CF242F-BD6A-409C-9991-2891EDB0A567}.Debug|Any CPU.Build.0 = Debug|Any CPU
		{A2CF242F-BD6A-409C-9991-2891EDB0A567}.Release|Any CPU.ActiveCfg = Release|Any CPU
		{A2CF242F-BD6A-409C-9991-2891EDB0A567}.Release|Any CPU.Build.0 = Release|Any CPU
	EndGlobalSection
	GlobalSection(SolutionProperties) = preSolution
		HideSolutionNode = FALSE
	EndGlobalSection
	GlobalSection(ExtensibilityGlobals) = postSolution
		SolutionGuid = {F5776910-7480-44C1-9129-F1C21B53211A}
	EndGlobalSection
EndGlobal
